// !$*UTF8*$!
{
	archiveVersion = 1;
	classes = {
	};
	objectVersion = 56;
	objects = {

/* Begin PBXBuildFile section */
		F256FA0D2B536D20007F8EFB /* LandmarkRow.swift in Sources */ = {isa = PBXBuildFile; fileRef = F256FA0C2B536D20007F8EFB /* LandmarkRow.swift */; };
		F25E760A2B5F7CDA0016A4CB /* hikeData.json in Resources */ = {isa = PBXBuildFile; fileRef = F25E76092B5F7CDA0016A4CB /* hikeData.json */; };
		F25E760C2B5F7D250016A4CB /* Hike.swift in Sources */ = {isa = PBXBuildFile; fileRef = F25E760B2B5F7D250016A4CB /* Hike.swift */; };
		F25E76122B5F7FC70016A4CB /* GraphCapsule.swift in Sources */ = {isa = PBXBuildFile; fileRef = F25E760E2B5F7FC70016A4CB /* GraphCapsule.swift */; };
		F25E76132B5F7FC70016A4CB /* HikeGraph.swift in Sources */ = {isa = PBXBuildFile; fileRef = F25E760F2B5F7FC70016A4CB /* HikeGraph.swift */; };
		F25E76142B5F7FC70016A4CB /* HikeDetail.swift in Sources */ = {isa = PBXBuildFile; fileRef = F25E76102B5F7FC70016A4CB /* HikeDetail.swift */; };
		F25E76152B5F7FC70016A4CB /* HikeView.swift in Sources */ = {isa = PBXBuildFile; fileRef = F25E76112B5F7FC70016A4CB /* HikeView.swift */; };
		F2603F5B2B560AA600A6F779 /* BadgeSymbol.swift in Sources */ = {isa = PBXBuildFile; fileRef = F2603F5A2B560AA600A6F779 /* BadgeSymbol.swift */; };
		F2603F5D2B56138200A6F779 /* RotatedBadgeSymbol.swift in Sources */ = {isa = PBXBuildFile; fileRef = F2603F5C2B56138200A6F779 /* RotatedBadgeSymbol.swift */; };
		F2603F5F2B56158500A6F779 /* Badge.swift in Sources */ = {isa = PBXBuildFile; fileRef = F2603F5E2B56158500A6F779 /* Badge.swift */; };
		F26847A62B535862005BB26B /* LandmarksApp.swift in Sources */ = {isa = PBXBuildFile; fileRef = F26847A52B535862005BB26B /* LandmarksApp.swift */; };
		F26847A82B535862005BB26B /* ContentView.swift in Sources */ = {isa = PBXBuildFile; fileRef = F26847A72B535862005BB26B /* ContentView.swift */; };
		F26847AA2B535863005BB26B /* Assets.xcassets in Resources */ = {isa = PBXBuildFile; fileRef = F26847A92B535863005BB26B /* Assets.xcassets */; };
		F26847AD2B535863005BB26B /* Preview Assets.xcassets in Resources */ = {isa = PBXBuildFile; fileRef = F26847AC2B535863005BB26B /* Preview Assets.xcassets */; };
		F26847B72B535863005BB26B /* LandmarksTests.swift in Sources */ = {isa = PBXBuildFile; fileRef = F26847B62B535863005BB26B /* LandmarksTests.swift */; };
		F26847C12B535863005BB26B /* LandmarksUITests.swift in Sources */ = {isa = PBXBuildFile; fileRef = F26847C02B535863005BB26B /* LandmarksUITests.swift */; };
		F26847C32B535863005BB26B /* LandmarksUITestsLaunchTests.swift in Sources */ = {isa = PBXBuildFile; fileRef = F26847C22B535863005BB26B /* LandmarksUITestsLaunchTests.swift */; };
		F26847D42B535BD3005BB26B /* CircleImage.swift in Sources */ = {isa = PBXBuildFile; fileRef = F26847D32B535BD3005BB26B /* CircleImage.swift */; };
		F26847D62B535C9D005BB26B /* MapView.swift in Sources */ = {isa = PBXBuildFile; fileRef = F26847D52B535C9D005BB26B /* MapView.swift */; };
		F26847D82B5362E1005BB26B /* landmarkData.json in Resources */ = {isa = PBXBuildFile; fileRef = F26847D72B5362E1005BB26B /* landmarkData.json */; };
		F26847DA2B536318005BB26B /* Landmark.swift in Sources */ = {isa = PBXBuildFile; fileRef = F26847D92B536318005BB26B /* Landmark.swift */; };
		F26847DC2B5365C5005BB26B /* ModelData.swift in Sources */ = {isa = PBXBuildFile; fileRef = F26847DB2B5365C5005BB26B /* ModelData.swift */; };
		F2E1CE9A2B54BFC800E63BFC /* FavoritesButton.swift in Sources */ = {isa = PBXBuildFile; fileRef = F2E1CE992B54BFC800E63BFC /* FavoritesButton.swift */; };
		F2E1CE9E2B54D08900E63BFC /* HexagonParameters.swift in Sources */ = {isa = PBXBuildFile; fileRef = F2E1CE9D2B54D08900E63BFC /* HexagonParameters.swift */; };
		F2E1CEA02B54D3AE00E63BFC /* BadgeBackground.swift in Sources */ = {isa = PBXBuildFile; fileRef = F2E1CE9F2B54D3AE00E63BFC /* BadgeBackground.swift */; };
		F2FC6A352B538FC800FB535C /* LandmarkList.swift in Sources */ = {isa = PBXBuildFile; fileRef = F2FC6A342B538FC800FB535C /* LandmarkList.swift */; };
		F2FC6A372B53915E00FB535C /* LandmarkDetail.swift in Sources */ = {isa = PBXBuildFile; fileRef = F2FC6A362B53915E00FB535C /* LandmarkDetail.swift */; };
/* End PBXBuildFile section */

/* Begin PBXContainerItemProxy section */
		F26847B32B535863005BB26B /* PBXContainerItemProxy */ = {
			isa = PBXContainerItemProxy;
			containerPortal = F268479A2B535861005BB26B /* Project object */;
			proxyType = 1;
			remoteGlobalIDString = F26847A12B535861005BB26B;
			remoteInfo = Landmarks;
		};
		F26847BD2B535863005BB26B /* PBXContainerItemProxy */ = {
			isa = PBXContainerItemProxy;
			containerPortal = F268479A2B535861005BB26B /* Project object */;
			proxyType = 1;
			remoteGlobalIDString = F26847A12B535861005BB26B;
			remoteInfo = Landmarks;
		};
/* End PBXContainerItemProxy section */

/* Begin PBXFileReference section */
		F256FA0C2B536D20007F8EFB /* LandmarkRow.swift */ = {isa = PBXFileReference; lastKnownFileType = sourcecode.swift; path = LandmarkRow.swift; sourceTree = "<group>"; };
		F25E76092B5F7CDA0016A4CB /* hikeData.json */ = {isa = PBXFileReference; fileEncoding = 4; lastKnownFileType = text.json; path = hikeData.json; sourceTree = "<group>"; };
		F25E760B2B5F7D250016A4CB /* Hike.swift */ = {isa = PBXFileReference; lastKnownFileType = sourcecode.swift; path = Hike.swift; sourceTree = "<group>"; };
		F25E760E2B5F7FC70016A4CB /* GraphCapsule.swift */ = {isa = PBXFileReference; fileEncoding = 4; lastKnownFileType = sourcecode.swift; path = GraphCapsule.swift; sourceTree = "<group>"; };
		F25E760F2B5F7FC70016A4CB /* HikeGraph.swift */ = {isa = PBXFileReference; fileEncoding = 4; lastKnownFileType = sourcecode.swift; path = HikeGraph.swift; sourceTree = "<group>"; };
		F25E76102B5F7FC70016A4CB /* HikeDetail.swift */ = {isa = PBXFileReference; fileEncoding = 4; lastKnownFileType = sourcecode.swift; path = HikeDetail.swift; sourceTree = "<group>"; };
		F25E76112B5F7FC70016A4CB /* HikeView.swift */ = {isa = PBXFileReference; fileEncoding = 4; lastKnownFileType = sourcecode.swift; path = HikeView.swift; sourceTree = "<group>"; };
		F2603F5A2B560AA600A6F779 /* BadgeSymbol.swift */ = {isa = PBXFileReference; lastKnownFileType = sourcecode.swift; path = BadgeSymbol.swift; sourceTree = "<group>"; };
		F2603F5C2B56138200A6F779 /* RotatedBadgeSymbol.swift */ = {isa = PBXFileReference; lastKnownFileType = sourcecode.swift; path = RotatedBadgeSymbol.swift; sourceTree = "<group>"; };
		F2603F5E2B56158500A6F779 /* Badge.swift */ = {isa = PBXFileReference; lastKnownFileType = sourcecode.swift; path = Badge.swift; sourceTree = "<group>"; };
		F26847A22B535862005BB26B /* Landmarks.app */ = {isa = PBXFileReference; explicitFileType = wrapper.application; includeInIndex = 0; path = Landmarks.app; sourceTree = BUILT_PRODUCTS_DIR; };
		F26847A52B535862005BB26B /* LandmarksApp.swift */ = {isa = PBXFileReference; lastKnownFileType = sourcecode.swift; path = LandmarksApp.swift; sourceTree = "<group>"; };
		F26847A72B535862005BB26B /* ContentView.swift */ = {isa = PBXFileReference; lastKnownFileType = sourcecode.swift; path = ContentView.swift; sourceTree = "<group>"; };
		F26847A92B535863005BB26B /* Assets.xcassets */ = {isa = PBXFileReference; lastKnownFileType = folder.assetcatalog; path = Assets.xcassets; sourceTree = "<group>"; };
		F26847AC2B535863005BB26B /* Preview Assets.xcassets */ = {isa = PBXFileReference; lastKnownFileType = folder.assetcatalog; path = "Preview Assets.xcassets"; sourceTree = "<group>"; };
		F26847B22B535863005BB26B /* LandmarksTests.xctest */ = {isa = PBXFileReference; explicitFileType = wrapper.cfbundle; includeInIndex = 0; path = LandmarksTests.xctest; sourceTree = BUILT_PRODUCTS_DIR; };
		F26847B62B535863005BB26B /* LandmarksTests.swift */ = {isa = PBXFileReference; lastKnownFileType = sourcecode.swift; path = LandmarksTests.swift; sourceTree = "<group>"; };
		F26847BC2B535863005BB26B /* LandmarksUITests.xctest */ = {isa = PBXFileReference; explicitFileType = wrapper.cfbundle; includeInIndex = 0; path = LandmarksUITests.xctest; sourceTree = BUILT_PRODUCTS_DIR; };
		F26847C02B535863005BB26B /* LandmarksUITests.swift */ = {isa = PBXFileReference; lastKnownFileType = sourcecode.swift; path = LandmarksUITests.swift; sourceTree = "<group>"; };
		F26847C22B535863005BB26B /* LandmarksUITestsLaunchTests.swift */ = {isa = PBXFileReference; lastKnownFileType = sourcecode.swift; path = LandmarksUITestsLaunchTests.swift; sourceTree = "<group>"; };
		F26847D32B535BD3005BB26B /* CircleImage.swift */ = {isa = PBXFileReference; lastKnownFileType = sourcecode.swift; path = CircleImage.swift; sourceTree = "<group>"; };
		F26847D52B535C9D005BB26B /* MapView.swift */ = {isa = PBXFileReference; lastKnownFileType = sourcecode.swift; path = MapView.swift; sourceTree = "<group>"; };
		F26847D72B5362E1005BB26B /* landmarkData.json */ = {isa = PBXFileReference; fileEncoding = 4; lastKnownFileType = text.json; path = landmarkData.json; sourceTree = "<group>"; };
		F26847D92B536318005BB26B /* Landmark.swift */ = {isa = PBXFileReference; lastKnownFileType = sourcecode.swift; path = Landmark.swift; sourceTree = "<group>"; };
		F26847DB2B5365C5005BB26B /* ModelData.swift */ = {isa = PBXFileReference; lastKnownFileType = sourcecode.swift; path = ModelData.swift; sourceTree = "<group>"; };
		F2E1CE992B54BFC800E63BFC /* FavoritesButton.swift */ = {isa = PBXFileReference; lastKnownFileType = sourcecode.swift; path = FavoritesButton.swift; sourceTree = "<group>"; };
		F2E1CE9D2B54D08900E63BFC /* HexagonParameters.swift */ = {isa = PBXFileReference; lastKnownFileType = sourcecode.swift; path = HexagonParameters.swift; sourceTree = "<group>"; };
		F2E1CE9F2B54D3AE00E63BFC /* BadgeBackground.swift */ = {isa = PBXFileReference; lastKnownFileType = sourcecode.swift; path = BadgeBackground.swift; sourceTree = "<group>"; };
		F2FC6A342B538FC800FB535C /* LandmarkList.swift */ = {isa = PBXFileReference; lastKnownFileType = sourcecode.swift; path = LandmarkList.swift; sourceTree = "<group>"; };
		F2FC6A362B53915E00FB535C /* LandmarkDetail.swift */ = {isa = PBXFileReference; lastKnownFileType = sourcecode.swift; path = LandmarkDetail.swift; sourceTree = "<group>"; };
/* End PBXFileReference section */

/* Begin PBXFrameworksBuildPhase section */
		F268479F2B535861005BB26B /* Frameworks */ = {
			isa = PBXFrameworksBuildPhase;
			buildActionMask = 2147483647;
			files = (
			);
			runOnlyForDeploymentPostprocessing = 0;
		};
		F26847AF2B535863005BB26B /* Frameworks */ = {
			isa = PBXFrameworksBuildPhase;
			buildActionMask = 2147483647;
			files = (
			);
			runOnlyForDeploymentPostprocessing = 0;
		};
		F26847B92B535863005BB26B /* Frameworks */ = {
			isa = PBXFrameworksBuildPhase;
			buildActionMask = 2147483647;
			files = (
			);
			runOnlyForDeploymentPostprocessing = 0;
		};
/* End PBXFrameworksBuildPhase section */

/* Begin PBXGroup section */
		F25E760D2B5F7FC70016A4CB /* Hikes */ = {
			isa = PBXGroup;
			children = (
				F25E760E2B5F7FC70016A4CB /* GraphCapsule.swift */,
				F25E760F2B5F7FC70016A4CB /* HikeGraph.swift */,
				F25E76102B5F7FC70016A4CB /* HikeDetail.swift */,
				F25E76112B5F7FC70016A4CB /* HikeView.swift */,
			);
			path = Hikes;
			sourceTree = "<group>";
		};
		F2603F602B561C4D00A6F779 /* Badges */ = {
			isa = PBXGroup;
			children = (
				F2603F5E2B56158500A6F779 /* Badge.swift */,
				F2E1CE9F2B54D3AE00E63BFC /* BadgeBackground.swift */,
				F2603F5C2B56138200A6F779 /* RotatedBadgeSymbol.swift */,
				F2603F5A2B560AA600A6F779 /* BadgeSymbol.swift */,
				F2E1CE9D2B54D08900E63BFC /* HexagonParameters.swift */,
			);
			path = Badges;
			sourceTree = "<group>";
		};
		F26847992B535861005BB26B = {
			isa = PBXGroup;
			children = (
				F26847A42B535862005BB26B /* Landmarks */,
				F26847B52B535863005BB26B /* LandmarksTests */,
				F26847BF2B535863005BB26B /* LandmarksUITests */,
				F26847A32B535862005BB26B /* Products */,
			);
			sourceTree = "<group>";
		};
		F26847A32B535862005BB26B /* Products */ = {
			isa = PBXGroup;
			children = (
				F26847A22B535862005BB26B /* Landmarks.app */,
				F26847B22B535863005BB26B /* LandmarksTests.xctest */,
				F26847BC2B535863005BB26B /* LandmarksUITests.xctest */,
			);
			name = Products;
			sourceTree = "<group>";
		};
		F26847A42B535862005BB26B /* Landmarks */ = {
			isa = PBXGroup;
			children = (
				F2603F602B561C4D00A6F779 /* Badges */,
				F2E1CE9C2B54C17B00E63BFC /* Helper */,
				F2E1CE9B2B54C16800E63BFC /* Landmarks */,
				F26847A52B535862005BB26B /* LandmarksApp.swift */,
				F26847DF2B536913005BB26B /* Resources */,
				F26847DE2B5368DF005BB26B /* Model */,
				F26847DD2B5368AF005BB26B /* Views */,
				F26847A92B535863005BB26B /* Assets.xcassets */,
				F26847AB2B535863005BB26B /* Preview Content */,
			);
			path = Landmarks;
			sourceTree = "<group>";
		};
		F26847AB2B535863005BB26B /* Preview Content */ = {
			isa = PBXGroup;
			children = (
				F26847AC2B535863005BB26B /* Preview Assets.xcassets */,
			);
			path = "Preview Content";
			sourceTree = "<group>";
		};
		F26847B52B535863005BB26B /* LandmarksTests */ = {
			isa = PBXGroup;
			children = (
				F26847B62B535863005BB26B /* LandmarksTests.swift */,
			);
			path = LandmarksTests;
			sourceTree = "<group>";
		};
		F26847BF2B535863005BB26B /* LandmarksUITests */ = {
			isa = PBXGroup;
			children = (
				F26847C02B535863005BB26B /* LandmarksUITests.swift */,
				F26847C22B535863005BB26B /* LandmarksUITestsLaunchTests.swift */,
			);
			path = LandmarksUITests;
			sourceTree = "<group>";
		};
		F26847DD2B5368AF005BB26B /* Views */ = {
			isa = PBXGroup;
			children = (
				F25E760D2B5F7FC70016A4CB /* Hikes */,
				F26847A72B535862005BB26B /* ContentView.swift */,
			);
			path = Views;
			sourceTree = "<group>";
		};
		F26847DE2B5368DF005BB26B /* Model */ = {
			isa = PBXGroup;
			children = (
				F26847DB2B5365C5005BB26B /* ModelData.swift */,
				F26847D92B536318005BB26B /* Landmark.swift */,
				F25E760B2B5F7D250016A4CB /* Hike.swift */,
			);
			path = Model;
			sourceTree = "<group>";
		};
		F26847DF2B536913005BB26B /* Resources */ = {
			isa = PBXGroup;
			children = (
				F25E76092B5F7CDA0016A4CB /* hikeData.json */,
				F26847D72B5362E1005BB26B /* landmarkData.json */,
			);
			path = Resources;
			sourceTree = "<group>";
		};
		F2E1CE9B2B54C16800E63BFC /* Landmarks */ = {
			isa = PBXGroup;
			children = (
				F2FC6A342B538FC800FB535C /* LandmarkList.swift */,
				F256FA0C2B536D20007F8EFB /* LandmarkRow.swift */,
				F2FC6A362B53915E00FB535C /* LandmarkDetail.swift */,
			);
			path = Landmarks;
			sourceTree = "<group>";
		};
		F2E1CE9C2B54C17B00E63BFC /* Helper */ = {
			isa = PBXGroup;
			children = (
				F26847D32B535BD3005BB26B /* CircleImage.swift */,
				F26847D52B535C9D005BB26B /* MapView.swift */,
				F2E1CE992B54BFC800E63BFC /* FavoritesButton.swift */,
			);
			path = Helper;
			sourceTree = "<group>";
		};
/* End PBXGroup section */

/* Begin PBXNativeTarget section */
		F26847A12B535861005BB26B /* Landmarks */ = {
			isa = PBXNativeTarget;
			buildConfigurationList = F26847C62B535863005BB26B /* Build configuration list for PBXNativeTarget "Landmarks" */;
			buildPhases = (
				F268479E2B535861005BB26B /* Sources */,
				F268479F2B535861005BB26B /* Frameworks */,
				F26847A02B535861005BB26B /* Resources */,
			);
			buildRules = (
			);
			dependencies = (
			);
			name = Landmarks;
			productName = Landmarks;
			productReference = F26847A22B535862005BB26B /* Landmarks.app */;
			productType = "com.apple.product-type.application";
		};
		F26847B12B535863005BB26B /* LandmarksTests */ = {
			isa = PBXNativeTarget;
			buildConfigurationList = F26847C92B535863005BB26B /* Build configuration list for PBXNativeTarget "LandmarksTests" */;
			buildPhases = (
				F26847AE2B535863005BB26B /* Sources */,
				F26847AF2B535863005BB26B /* Frameworks */,
				F26847B02B535863005BB26B /* Resources */,
			);
			buildRules = (
			);
			dependencies = (
				F26847B42B535863005BB26B /* PBXTargetDependency */,
			);
			name = LandmarksTests;
			productName = LandmarksTests;
			productReference = F26847B22B535863005BB26B /* LandmarksTests.xctest */;
			productType = "com.apple.product-type.bundle.unit-test";
		};
		F26847BB2B535863005BB26B /* LandmarksUITests */ = {
			isa = PBXNativeTarget;
			buildConfigurationList = F26847CC2B535863005BB26B /* Build configuration list for PBXNativeTarget "LandmarksUITests" */;
			buildPhases = (
				F26847B82B535863005BB26B /* Sources */,
				F26847B92B535863005BB26B /* Frameworks */,
				F26847BA2B535863005BB26B /* Resources */,
			);
			buildRules = (
			);
			dependencies = (
				F26847BE2B535863005BB26B /* PBXTargetDependency */,
			);
			name = LandmarksUITests;
			productName = LandmarksUITests;
			productReference = F26847BC2B535863005BB26B /* LandmarksUITests.xctest */;
			productType = "com.apple.product-type.bundle.ui-testing";
		};
/* End PBXNativeTarget section */

/* Begin PBXProject section */
		F268479A2B535861005BB26B /* Project object */ = {
			isa = PBXProject;
			attributes = {
				BuildIndependentTargetsInParallel = 1;
				LastSwiftUpdateCheck = 1510;
				LastUpgradeCheck = 1510;
				TargetAttributes = {
					F26847A12B535861005BB26B = {
						CreatedOnToolsVersion = 15.1;
					};
					F26847B12B535863005BB26B = {
						CreatedOnToolsVersion = 15.1;
						TestTargetID = F26847A12B535861005BB26B;
					};
					F26847BB2B535863005BB26B = {
						CreatedOnToolsVersion = 15.1;
						TestTargetID = F26847A12B535861005BB26B;
					};
				};
			};
			buildConfigurationList = F268479D2B535861005BB26B /* Build configuration list for PBXProject "Landmarks" */;
			compatibilityVersion = "Xcode 14.0";
			developmentRegion = en;
			hasScannedForEncodings = 0;
			knownRegions = (
				en,
				Base,
			);
			mainGroup = F26847992B535861005BB26B;
			productRefGroup = F26847A32B535862005BB26B /* Products */;
			projectDirPath = "";
			projectRoot = "";
			targets = (
				F26847A12B535861005BB26B /* Landmarks */,
				F26847B12B535863005BB26B /* LandmarksTests */,
				F26847BB2B535863005BB26B /* LandmarksUITests */,
			);
		};
/* End PBXProject section */

/* Begin PBXResourcesBuildPhase section */
		F26847A02B535861005BB26B /* Resources */ = {
			isa = PBXResourcesBuildPhase;
			buildActionMask = 2147483647;
			files = (
				F25E760A2B5F7CDA0016A4CB /* hikeData.json in Resources */,
				F26847AD2B535863005BB26B /* Preview Assets.xcassets in Resources */,
				F26847AA2B535863005BB26B /* Assets.xcassets in Resources */,
				F26847D82B5362E1005BB26B /* landmarkData.json in Resources */,
			);
			runOnlyForDeploymentPostprocessing = 0;
		};
		F26847B02B535863005BB26B /* Resources */ = {
			isa = PBXResourcesBuildPhase;
			buildActionMask = 2147483647;
			files = (
			);
			runOnlyForDeploymentPostprocessing = 0;
		};
		F26847BA2B535863005BB26B /* Resources */ = {
			isa = PBXResourcesBuildPhase;
			buildActionMask = 2147483647;
			files = (
			);
			runOnlyForDeploymentPostprocessing = 0;
		};
/* End PBXResourcesBuildPhase section */

/* Begin PBXSourcesBuildPhase section */
		F268479E2B535861005BB26B /* Sources */ = {
			isa = PBXSourcesBuildPhase;
			buildActionMask = 2147483647;
			files = (
				F26847A82B535862005BB26B /* ContentView.swift in Sources */,
				F25E76132B5F7FC70016A4CB /* HikeGraph.swift in Sources */,
				F2603F5F2B56158500A6F779 /* Badge.swift in Sources */,
				F26847D62B535C9D005BB26B /* MapView.swift in Sources */,
				F25E76122B5F7FC70016A4CB /* GraphCapsule.swift in Sources */,
				F26847A62B535862005BB26B /* LandmarksApp.swift in Sources */,
				F2FC6A352B538FC800FB535C /* LandmarkList.swift in Sources */,
				F25E76142B5F7FC70016A4CB /* HikeDetail.swift in Sources */,
				F2E1CE9E2B54D08900E63BFC /* HexagonParameters.swift in Sources */,
				F25E760C2B5F7D250016A4CB /* Hike.swift in Sources */,
				F2603F5D2B56138200A6F779 /* RotatedBadgeSymbol.swift in Sources */,
				F2603F5B2B560AA600A6F779 /* BadgeSymbol.swift in Sources */,
				F2FC6A372B53915E00FB535C /* LandmarkDetail.swift in Sources */,
				F25E76152B5F7FC70016A4CB /* HikeView.swift in Sources */,
				F26847D42B535BD3005BB26B /* CircleImage.swift in Sources */,
				F2E1CEA02B54D3AE00E63BFC /* BadgeBackground.swift in Sources */,
				F26847DA2B536318005BB26B /* Landmark.swift in Sources */,
				F256FA0D2B536D20007F8EFB /* LandmarkRow.swift in Sources */,
				F26847DC2B5365C5005BB26B /* ModelData.swift in Sources */,
				F2E1CE9A2B54BFC800E63BFC /* FavoritesButton.swift in Sources */,
			);
			runOnlyForDeploymentPostprocessing = 0;
		};
		F26847AE2B535863005BB26B /* Sources */ = {
			isa = PBXSourcesBuildPhase;
			buildActionMask = 2147483647;
			files = (
				F26847B72B535863005BB26B /* LandmarksTests.swift in Sources */,
			);
			runOnlyForDeploymentPostprocessing = 0;
		};
		F26847B82B535863005BB26B /* Sources */ = {
			isa = PBXSourcesBuildPhase;
			buildActionMask = 2147483647;
			files = (
				F26847C32B535863005BB26B /* LandmarksUITestsLaunchTests.swift in Sources */,
				F26847C12B535863005BB26B /* LandmarksUITests.swift in Sources */,
			);
			runOnlyForDeploymentPostprocessing = 0;
		};
/* End PBXSourcesBuildPhase section */

/* Begin PBXTargetDependency section */
		F26847B42B535863005BB26B /* PBXTargetDependency */ = {
			isa = PBXTargetDependency;
			target = F26847A12B535861005BB26B /* Landmarks */;
			targetProxy = F26847B32B535863005BB26B /* PBXContainerItemProxy */;
		};
		F26847BE2B535863005BB26B /* PBXTargetDependency */ = {
			isa = PBXTargetDependency;
			target = F26847A12B535861005BB26B /* Landmarks */;
			targetProxy = F26847BD2B535863005BB26B /* PBXContainerItemProxy */;
		};
/* End PBXTargetDependency section */

/* Begin XCBuildConfiguration section */
		F26847C42B535863005BB26B /* Debug */ = {
			isa = XCBuildConfiguration;
			buildSettings = {
				ALWAYS_SEARCH_USER_PATHS = NO;
				ASSETCATALOG_COMPILER_GENERATE_SWIFT_ASSET_SYMBOL_EXTENSIONS = YES;
				CLANG_ANALYZER_NONNULL = YES;
				CLANG_ANALYZER_NUMBER_OBJECT_CONVERSION = YES_AGGRESSIVE;
				CLANG_CXX_LANGUAGE_STANDARD = "gnu++20";
				CLANG_ENABLE_MODULES = YES;
				CLANG_ENABLE_OBJC_ARC = YES;
				CLANG_ENABLE_OBJC_WEAK = YES;
				CLANG_WARN_BLOCK_CAPTURE_AUTORELEASING = YES;
				CLANG_WARN_BOOL_CONVERSION = YES;
				CLANG_WARN_COMMA = YES;
				CLANG_WARN_CONSTANT_CONVERSION = YES;
				CLANG_WARN_DEPRECATED_OBJC_IMPLEMENTATIONS = YES;
				CLANG_WARN_DIRECT_OBJC_ISA_USAGE = YES_ERROR;
				CLANG_WARN_DOCUMENTATION_COMMENTS = YES;
				CLANG_WARN_EMPTY_BODY = YES;
				CLANG_WARN_ENUM_CONVERSION = YES;
				CLANG_WARN_INFINITE_RECURSION = YES;
				CLANG_WARN_INT_CONVERSION = YES;
				CLANG_WARN_NON_LITERAL_NULL_CONVERSION = YES;
				CLANG_WARN_OBJC_IMPLICIT_RETAIN_SELF = YES;
				CLANG_WARN_OBJC_LITERAL_CONVERSION = YES;
				CLANG_WARN_OBJC_ROOT_CLASS = YES_ERROR;
				CLANG_WARN_QUOTED_INCLUDE_IN_FRAMEWORK_HEADER = YES;
				CLANG_WARN_RANGE_LOOP_ANALYSIS = YES;
				CLANG_WARN_STRICT_PROTOTYPES = YES;
				CLANG_WARN_SUSPICIOUS_MOVE = YES;
				CLANG_WARN_UNGUARDED_AVAILABILITY = YES_AGGRESSIVE;
				CLANG_WARN_UNREACHABLE_CODE = YES;
				CLANG_WARN__DUPLICATE_METHOD_MATCH = YES;
				COPY_PHASE_STRIP = NO;
				DEBUG_INFORMATION_FORMAT = dwarf;
				ENABLE_STRICT_OBJC_MSGSEND = YES;
				ENABLE_TESTABILITY = YES;
				ENABLE_USER_SCRIPT_SANDBOXING = YES;
				GCC_C_LANGUAGE_STANDARD = gnu17;
				GCC_DYNAMIC_NO_PIC = NO;
				GCC_NO_COMMON_BLOCKS = YES;
				GCC_OPTIMIZATION_LEVEL = 0;
				GCC_PREPROCESSOR_DEFINITIONS = (
					"DEBUG=1",
					"$(inherited)",
				);
				GCC_WARN_64_TO_32_BIT_CONVERSION = YES;
				GCC_WARN_ABOUT_RETURN_TYPE = YES_ERROR;
				GCC_WARN_UNDECLARED_SELECTOR = YES;
				GCC_WARN_UNINITIALIZED_AUTOS = YES_AGGRESSIVE;
				GCC_WARN_UNUSED_FUNCTION = YES;
				GCC_WARN_UNUSED_VARIABLE = YES;
				IPHONEOS_DEPLOYMENT_TARGET = 17.2;
				LOCALIZATION_PREFERS_STRING_CATALOGS = YES;
				MTL_ENABLE_DEBUG_INFO = INCLUDE_SOURCE;
				MTL_FAST_MATH = YES;
				ONLY_ACTIVE_ARCH = YES;
				SDKROOT = iphoneos;
				SWIFT_ACTIVE_COMPILATION_CONDITIONS = "DEBUG $(inherited)";
				SWIFT_OPTIMIZATION_LEVEL = "-Onone";
			};
			name = Debug;
		};
		F26847C52B535863005BB26B /* Release */ = {
			isa = XCBuildConfiguration;
			buildSettings = {
				ALWAYS_SEARCH_USER_PATHS = NO;
				ASSETCATALOG_COMPILER_GENERATE_SWIFT_ASSET_SYMBOL_EXTENSIONS = YES;
				CLANG_ANALYZER_NONNULL = YES;
				CLANG_ANALYZER_NUMBER_OBJECT_CONVERSION = YES_AGGRESSIVE;
				CLANG_CXX_LANGUAGE_STANDARD = "gnu++20";
				CLANG_ENABLE_MODULES = YES;
				CLANG_ENABLE_OBJC_ARC = YES;
				CLANG_ENABLE_OBJC_WEAK = YES;
				CLANG_WARN_BLOCK_CAPTURE_AUTORELEASING = YES;
				CLANG_WARN_BOOL_CONVERSION = YES;
				CLANG_WARN_COMMA = YES;
				CLANG_WARN_CONSTANT_CONVERSION = YES;
				CLANG_WARN_DEPRECATED_OBJC_IMPLEMENTATIONS = YES;
				CLANG_WARN_DIRECT_OBJC_ISA_USAGE = YES_ERROR;
				CLANG_WARN_DOCUMENTATION_COMMENTS = YES;
				CLANG_WARN_EMPTY_BODY = YES;
				CLANG_WARN_ENUM_CONVERSION = YES;
				CLANG_WARN_INFINITE_RECURSION = YES;
				CLANG_WARN_INT_CONVERSION = YES;
				CLANG_WARN_NON_LITERAL_NULL_CONVERSION = YES;
				CLANG_WARN_OBJC_IMPLICIT_RETAIN_SELF = YES;
				CLANG_WARN_OBJC_LITERAL_CONVERSION = YES;
				CLANG_WARN_OBJC_ROOT_CLASS = YES_ERROR;
				CLANG_WARN_QUOTED_INCLUDE_IN_FRAMEWORK_HEADER = YES;
				CLANG_WARN_RANGE_LOOP_ANALYSIS = YES;
				CLANG_WARN_STRICT_PROTOTYPES = YES;
				CLANG_WARN_SUSPICIOUS_MOVE = YES;
				CLANG_WARN_UNGUARDED_AVAILABILITY = YES_AGGRESSIVE;
				CLANG_WARN_UNREACHABLE_CODE = YES;
				CLANG_WARN__DUPLICATE_METHOD_MATCH = YES;
				COPY_PHASE_STRIP = NO;
				DEBUG_INFORMATION_FORMAT = "dwarf-with-dsym";
				ENABLE_NS_ASSERTIONS = NO;
				ENABLE_STRICT_OBJC_MSGSEND = YES;
				ENABLE_USER_SCRIPT_SANDBOXING = YES;
				GCC_C_LANGUAGE_STANDARD = gnu17;
				GCC_NO_COMMON_BLOCKS = YES;
				GCC_WARN_64_TO_32_BIT_CONVERSION = YES;
				GCC_WARN_ABOUT_RETURN_TYPE = YES_ERROR;
				GCC_WARN_UNDECLARED_SELECTOR = YES;
				GCC_WARN_UNINITIALIZED_AUTOS = YES_AGGRESSIVE;
				GCC_WARN_UNUSED_FUNCTION = YES;
				GCC_WARN_UNUSED_VARIABLE = YES;
				IPHONEOS_DEPLOYMENT_TARGET = 17.2;
				LOCALIZATION_PREFERS_STRING_CATALOGS = YES;
				MTL_ENABLE_DEBUG_INFO = NO;
				MTL_FAST_MATH = YES;
				SDKROOT = iphoneos;
				SWIFT_COMPILATION_MODE = wholemodule;
				VALIDATE_PRODUCT = YES;
			};
			name = Release;
		};
		F26847C72B535863005BB26B /* Debug */ = {
			isa = XCBuildConfiguration;
			buildSettings = {
				ASSETCATALOG_COMPILER_APPICON_NAME = AppIcon;
				ASSETCATALOG_COMPILER_GLOBAL_ACCENT_COLOR_NAME = AccentColor;
				CODE_SIGN_STYLE = Automatic;
				CURRENT_PROJECT_VERSION = 1;
				DEVELOPMENT_ASSET_PATHS = "\"Landmarks/Preview Content\"";
				DEVELOPMENT_TEAM = 5THBK4TBJK;
				ENABLE_PREVIEWS = YES;
				GENERATE_INFOPLIST_FILE = YES;
				INFOPLIST_KEY_UIApplicationSceneManifest_Generation = YES;
				INFOPLIST_KEY_UIApplicationSupportsIndirectInputEvents = YES;
				INFOPLIST_KEY_UILaunchScreen_Generation = YES;
				INFOPLIST_KEY_UISupportedInterfaceOrientations_iPad = "UIInterfaceOrientationPortrait UIInterfaceOrientationPortraitUpsideDown UIInterfaceOrientationLandscapeLeft UIInterfaceOrientationLandscapeRight";
				INFOPLIST_KEY_UISupportedInterfaceOrientations_iPhone = "UIInterfaceOrientationPortrait UIInterfaceOrientationLandscapeLeft UIInterfaceOrientationLandscapeRight";
				LD_RUNPATH_SEARCH_PATHS = (
					"$(inherited)",
					"@executable_path/Frameworks",
				);
				MARKETING_VERSION = 1.0;
				PRODUCT_BUNDLE_IDENTIFIER = MauiDesign.Landmarks;
				PRODUCT_NAME = "$(TARGET_NAME)";
				SWIFT_EMIT_LOC_STRINGS = YES;
				SWIFT_VERSION = 5.0;
				TARGETED_DEVICE_FAMILY = "1,2";
			};
			name = Debug;
		};
		F26847C82B535863005BB26B /* Release */ = {
			isa = XCBuildConfiguration;
			buildSettings = {
				ASSETCATALOG_COMPILER_APPICON_NAME = AppIcon;
				ASSETCATALOG_COMPILER_GLOBAL_ACCENT_COLOR_NAME = AccentColor;
				CODE_SIGN_STYLE = Automatic;
				CURRENT_PROJECT_VERSION = 1;
				DEVELOPMENT_ASSET_PATHS = "\"Landmarks/Preview Content\"";
				DEVELOPMENT_TEAM = 5THBK4TBJK;
				ENABLE_PREVIEWS = YES;
				GENERATE_INFOPLIST_FILE = YES;
				INFOPLIST_KEY_UIApplicationSceneManifest_Generation = YES;
				INFOPLIST_KEY_UIApplicationSupportsIndirectInputEvents = YES;
				INFOPLIST_KEY_UILaunchScreen_Generation = YES;
				INFOPLIST_KEY_UISupportedInterfaceOrientations_iPad = "UIInterfaceOrientationPortrait UIInterfaceOrientationPortraitUpsideDown UIInterfaceOrientationLandscapeLeft UIInterfaceOrientationLandscapeRight";
				INFOPLIST_KEY_UISupportedInterfaceOrientations_iPhone = "UIInterfaceOrientationPortrait UIInterfaceOrientationLandscapeLeft UIInterfaceOrientationLandscapeRight";
				LD_RUNPATH_SEARCH_PATHS = (
					"$(inherited)",
					"@executable_path/Frameworks",
				);
				MARKETING_VERSION = 1.0;
				PRODUCT_BUNDLE_IDENTIFIER = MauiDesign.Landmarks;
				PRODUCT_NAME = "$(TARGET_NAME)";
				SWIFT_EMIT_LOC_STRINGS = YES;
				SWIFT_VERSION = 5.0;
				TARGETED_DEVICE_FAMILY = "1,2";
			};
			name = Release;
		};
		F26847CA2B535863005BB26B /* Debug */ = {
			isa = XCBuildConfiguration;
			buildSettings = {
				ALWAYS_EMBED_SWIFT_STANDARD_LIBRARIES = YES;
				BUNDLE_LOADER = "$(TEST_HOST)";
				CODE_SIGN_STYLE = Automatic;
				CURRENT_PROJECT_VERSION = 1;
				DEVELOPMENT_TEAM = 5THBK4TBJK;
				GENERATE_INFOPLIST_FILE = YES;
				IPHONEOS_DEPLOYMENT_TARGET = 17.2;
				MARKETING_VERSION = 1.0;
				PRODUCT_BUNDLE_IDENTIFIER = MauiDesign.LandmarksTests;
				PRODUCT_NAME = "$(TARGET_NAME)";
				SWIFT_EMIT_LOC_STRINGS = NO;
				SWIFT_VERSION = 5.0;
				TARGETED_DEVICE_FAMILY = "1,2";
				TEST_HOST = "$(BUILT_PRODUCTS_DIR)/Landmarks.app/$(BUNDLE_EXECUTABLE_FOLDER_PATH)/Landmarks";
			};
			name = Debug;
		};
		F26847CB2B535863005BB26B /* Release */ = {
			isa = XCBuildConfiguration;
			buildSettings = {
				ALWAYS_EMBED_SWIFT_STANDARD_LIBRARIES = YES;
				BUNDLE_LOADER = "$(TEST_HOST)";
				CODE_SIGN_STYLE = Automatic;
				CURRENT_PROJECT_VERSION = 1;
				DEVELOPMENT_TEAM = 5THBK4TBJK;
				GENERATE_INFOPLIST_FILE = YES;
				IPHONEOS_DEPLOYMENT_TARGET = 17.2;
				MARKETING_VERSION = 1.0;
				PRODUCT_BUNDLE_IDENTIFIER = MauiDesign.LandmarksTests;
				PRODUCT_NAME = "$(TARGET_NAME)";
				SWIFT_EMIT_LOC_STRINGS = NO;
				SWIFT_VERSION = 5.0;
				TARGETED_DEVICE_FAMILY = "1,2";
				TEST_HOST = "$(BUILT_PRODUCTS_DIR)/Landmarks.app/$(BUNDLE_EXECUTABLE_FOLDER_PATH)/Landmarks";
			};
			name = Release;
		};
		F26847CD2B535863005BB26B /* Debug */ = {
			isa = XCBuildConfiguration;
			buildSettings = {
				ALWAYS_EMBED_SWIFT_STANDARD_LIBRARIES = YES;
				CODE_SIGN_STYLE = Automatic;
				CURRENT_PROJECT_VERSION = 1;
				DEVELOPMENT_TEAM = 5THBK4TBJK;
				GENERATE_INFOPLIST_FILE = YES;
				MARKETING_VERSION = 1.0;
				PRODUCT_BUNDLE_IDENTIFIER = MauiDesign.LandmarksUITests;
				PRODUCT_NAME = "$(TARGET_NAME)";
				SWIFT_EMIT_LOC_STRINGS = NO;
				SWIFT_VERSION = 5.0;
				TARGETED_DEVICE_FAMILY = "1,2";
				TEST_TARGET_NAME = Landmarks;
			};
			name = Debug;
		};
		F26847CE2B535863005BB26B /* Release */ = {
			isa = XCBuildConfiguration;
			buildSettings = {
				ALWAYS_EMBED_SWIFT_STANDARD_LIBRARIES = YES;
				CODE_SIGN_STYLE = Automatic;
				CURRENT_PROJECT_VERSION = 1;
				DEVELOPMENT_TEAM = 5THBK4TBJK;
				GENERATE_INFOPLIST_FILE = YES;
				MARKETING_VERSION = 1.0;
				PRODUCT_BUNDLE_IDENTIFIER = MauiDesign.LandmarksUITests;
				PRODUCT_NAME = "$(TARGET_NAME)";
				SWIFT_EMIT_LOC_STRINGS = NO;
				SWIFT_VERSION = 5.0;
				TARGETED_DEVICE_FAMILY = "1,2";
				TEST_TARGET_NAME = Landmarks;
			};
			name = Release;
		};
/* End XCBuildConfiguration section */

/* Begin XCConfigurationList section */
		F268479D2B535861005BB26B /* Build configuration list for PBXProject "Landmarks" */ = {
			isa = XCConfigurationList;
			buildConfigurations = (
				F26847C42B535863005BB26B /* Debug */,
				F26847C52B535863005BB26B /* Release */,
			);
			defaultConfigurationIsVisible = 0;
			defaultConfigurationName = Release;
		};
		F26847C62B535863005BB26B /* Build configuration list for PBXNativeTarget "Landmarks" */ = {
			isa = XCConfigurationList;
			buildConfigurations = (
				F26847C72B535863005BB26B /* Debug */,
				F26847C82B535863005BB26B /* Release */,
			);
			defaultConfigurationIsVisible = 0;
			defaultConfigurationName = Release;
		};
		F26847C92B535863005BB26B /* Build configuration list for PBXNativeTarget "LandmarksTests" */ = {
			isa = XCConfigurationList;
			buildConfigurations = (
				F26847CA2B535863005BB26B /* Debug */,
				F26847CB2B535863005BB26B /* Release */,
			);
			defaultConfigurationIsVisible = 0;
			defaultConfigurationName = Release;
		};
		F26847CC2B535863005BB26B /* Build configuration list for PBXNativeTarget "LandmarksUITests" */ = {
			isa = XCConfigurationList;
			buildConfigurations = (
				F26847CD2B535863005BB26B /* Debug */,
				F26847CE2B535863005BB26B /* Release */,
			);
			defaultConfigurationIsVisible = 0;
			defaultConfigurationName = Release;
		};
/* End XCConfigurationList section */
	};
	rootObject = F268479A2B535861005BB26B /* Project object */;
}
